
Microsoft Visual Studio Solution File, Format Version 12.00
# Visual Studio Version 16
VisualStudioVersion = 16.0.30320.27
MinimumVisualStudioVersion = 10.0.40219.1
Project("{FAE04EC0-301F-11D3-BF4B-00C04F79EFBC}") = "CalculadoraDerivadas", "CalculadoraDerivadas\CalculadoraDerivadas.csproj", "{66DA97CF-2C25-40C8-9226-18FAF72EBC06}"
EndProject
Global
	GlobalSection(SolutionConfigurationPlatforms) = preSolution
		Debug|Any CPU = Debug|Any CPU
		Release|Any CPU = Release|Any CPU
	EndGlobalSection
	GlobalSection(ProjectConfigurationPlatforms) = postSolution
		{66DA97CF-2C25-40C8-9226-18FAF72EBC06}.Debug|Any CPU.ActiveCfg = Debug|Any CPU
		{66DA97CF-2C25-40C8-9226-18FAF72EBC06}.Debug|Any CPU.Build.0 = Debug|Any CPU
		{66DA97CF-2C25-40C8-9226-18FAF72EBC06}.Release|Any CPU.ActiveCfg = Release|Any CPU
		{66DA97CF-2C25-40C8-9226-18FAF72EBC06}.Release|Any CPU.Build.0 = Release|Any CPU
	EndGlobalSection
	GlobalSection(SolutionProperties) = preSolution
		HideSolutionNode = FALSE
	EndGlobalSection
	GlobalSection(ExtensibilityGlobals) = postSolution
		SolutionGuid = {5B6C3A57-B2BD-4865-AEBC-2A5A108A9674}
	EndGlobalSection
EndGlobal
